
Microsoft Visual Studio Solution File, Format Version 12.00
# Visual Studio 2017
Project("{FAE04EC0-301F-11D3-BF4B-00C04F79EFBC}") = "Bee7 2.3", "Bee7 2.3.csproj", "{E39401F0-1ADD-7B44-1E96-C0814BF055CC}"
EndProject
Global
	GlobalSection(SolutionConfigurationPlatforms) = preSolution
		Debug|Any CPU = Debug|Any CPU
		Release|Any CPU = Release|Any CPU
	EndGlobalSection
	GlobalSection(ProjectConfigurationPlatforms) = postSolution
		{E39401F0-1ADD-7B44-1E96-C0814BF055CC}.Debug|Any CPU.ActiveCfg = Debug|Any CPU
		{E39401F0-1ADD-7B44-1E96-C0814BF055CC}.Debug|Any CPU.Build.0 = Debug|Any CPU
		{E39401F0-1ADD-7B44-1E96-C0814BF055CC}.Release|Any CPU.ActiveCfg = Release|Any CPU
		{E39401F0-1ADD-7B44-1E96-C0814BF055CC}.Release|Any CPU.Build.0 = Release|Any CPU
	EndGlobalSection
	GlobalSection(SolutionProperties) = preSolution
		HideSolutionNode = FALSE
	EndGlobalSection
EndGlobal
